// !$*UTF8*$!
{
	archiveVersion = 1;
	classes = {
	};
	objectVersion = 56;
	objects = {

/* Begin PBXBuildFile section */
		2A0A5FA02A19328F008365F9 /* User+CoreDataClass.swift in Sources */ = {isa = PBXBuildFile; fileRef = 2A0A5F9E2A19328F008365F9 /* User+CoreDataClass.swift */; };
		2A0A5FA12A19328F008365F9 /* User+CoreDataProperties.swift in Sources */ = {isa = PBXBuildFile; fileRef = 2A0A5F9F2A19328F008365F9 /* User+CoreDataProperties.swift */; };
		2A8489C92A18BCCA00461ADB /* AppDelegate.swift in Sources */ = {isa = PBXBuildFile; fileRef = 2A8489C82A18BCCA00461ADB /* AppDelegate.swift */; };
		2A8489CB2A18BCCA00461ADB /* SceneDelegate.swift in Sources */ = {isa = PBXBuildFile; fileRef = 2A8489CA2A18BCCA00461ADB /* SceneDelegate.swift */; };
		2A8489CD2A18BCCA00461ADB /* ViewController.swift in Sources */ = {isa = PBXBuildFile; fileRef = 2A8489CC2A18BCCA00461ADB /* ViewController.swift */; };
		2A8489D02A18BCCA00461ADB /* Main.storyboard in Resources */ = {isa = PBXBuildFile; fileRef = 2A8489CE2A18BCCA00461ADB /* Main.storyboard */; };
		2A8489D32A18BCCA00461ADB /* UserListDemo.xcdatamodeld in Sources */ = {isa = PBXBuildFile; fileRef = 2A8489D12A18BCCA00461ADB /* UserListDemo.xcdatamodeld */; };
		2A8489D52A18BCCA00461ADB /* Assets.xcassets in Resources */ = {isa = PBXBuildFile; fileRef = 2A8489D42A18BCCA00461ADB /* Assets.xcassets */; };
		2A8489D82A18BCCA00461ADB /* LaunchScreen.storyboard in Resources */ = {isa = PBXBuildFile; fileRef = 2A8489D62A18BCCA00461ADB /* LaunchScreen.storyboard */; };
		2A8489E32A18BCCA00461ADB /* UserListDemoTests.swift in Sources */ = {isa = PBXBuildFile; fileRef = 2A8489E22A18BCCA00461ADB /* UserListDemoTests.swift */; };
		2A8489ED2A18BCCA00461ADB /* UserListDemoUITests.swift in Sources */ = {isa = PBXBuildFile; fileRef = 2A8489EC2A18BCCA00461ADB /* UserListDemoUITests.swift */; };
		2A8489EF2A18BCCA00461ADB /* UserListDemoUITestsLaunchTests.swift in Sources */ = {isa = PBXBuildFile; fileRef = 2A8489EE2A18BCCA00461ADB /* UserListDemoUITestsLaunchTests.swift */; };
		2A848A062A18BD9C00461ADB /* CoreDataManager.swift in Sources */ = {isa = PBXBuildFile; fileRef = 2A848A052A18BD9C00461ADB /* CoreDataManager.swift */; };
		2A848A092A18BE6C00461ADB /* StoreData.swift in Sources */ = {isa = PBXBuildFile; fileRef = 2A848A082A18BE6C00461ADB /* StoreData.swift */; };
		2A848A0C2A18BECA00461ADB /* UserRootRS.swift in Sources */ = {isa = PBXBuildFile; fileRef = 2A848A0B2A18BECA00461ADB /* UserRootRS.swift */; };
		2A848A132A18C38A00461ADB /* ApiClient.swift in Sources */ = {isa = PBXBuildFile; fileRef = 2A848A122A18C38A00461ADB /* ApiClient.swift */; };
		2A848A152A18C51800461ADB /* RemoteUserLoader.swift in Sources */ = {isa = PBXBuildFile; fileRef = 2A848A142A18C51800461ADB /* RemoteUserLoader.swift */; };
		2A848A172A18C90F00461ADB /* FetchUsers.swift in Sources */ = {isa = PBXBuildFile; fileRef = 2A848A162A18C90F00461ADB /* FetchUsers.swift */; };
		2A848A1B2A18CD1F00461ADB /* UserPO.swift in Sources */ = {isa = PBXBuildFile; fileRef = 2A848A1A2A18CD1F00461ADB /* UserPO.swift */; };
		2A848A1D2A18CE8900461ADB /* UserListAdapter.swift in Sources */ = {isa = PBXBuildFile; fileRef = 2A848A1C2A18CE8900461ADB /* UserListAdapter.swift */; };
		2A848A212A18D09900461ADB /* UserListVC.storyboard in Resources */ = {isa = PBXBuildFile; fileRef = 2A848A202A18D09900461ADB /* UserListVC.storyboard */; };
		2A848A252A18D0B400461ADB /* UserListViewController.m in Sources */ = {isa = PBXBuildFile; fileRef = 2A848A242A18D0B400461ADB /* UserListViewController.m */; };
		2A848A2A2A18D0E200461ADB /* UserListViewModel.m in Sources */ = {isa = PBXBuildFile; fileRef = 2A848A292A18D0E200461ADB /* UserListViewModel.m */; };
		2A848A2F2A18D2D300461ADB /* UserTableViewCell.m in Sources */ = {isa = PBXBuildFile; fileRef = 2A848A2D2A18D2D300461ADB /* UserTableViewCell.m */; };
		2A848A302A18D2D300461ADB /* UserTableViewCell.xib in Resources */ = {isa = PBXBuildFile; fileRef = 2A848A2E2A18D2D300461ADB /* UserTableViewCell.xib */; };
		2A848A322A18DCB300461ADB /* TmpProto.swift in Sources */ = {isa = PBXBuildFile; fileRef = 2A848A312A18DCB300461ADB /* TmpProto.swift */; };
		2AAF700A2A19CB7A00156A1A /* ImageLoaderHelper.swift in Sources */ = {isa = PBXBuildFile; fileRef = 2AAF70092A19CB7A00156A1A /* ImageLoaderHelper.swift */; };
		2AAF700D2A19DB6F00156A1A /* UserListDIContainer.swift in Sources */ = {isa = PBXBuildFile; fileRef = 2AAF700C2A19DB6F00156A1A /* UserListDIContainer.swift */; };
		2AAF70122A19DD5C00156A1A /* UserDetail.storyboard in Resources */ = {isa = PBXBuildFile; fileRef = 2AAF70112A19DD5C00156A1A /* UserDetail.storyboard */; };
		2AAF70142A19DD8000156A1A /* UserDetailViewController.swift in Sources */ = {isa = PBXBuildFile; fileRef = 2AAF70132A19DD8000156A1A /* UserDetailViewController.swift */; };
		2AAF70162A19E29300156A1A /* UserDetailViewModel.swift in Sources */ = {isa = PBXBuildFile; fileRef = 2AAF70152A19E29300156A1A /* UserDetailViewModel.swift */; };
		2AAF70182A19E5EC00156A1A /* UserDetailDIContainer.swift in Sources */ = {isa = PBXBuildFile; fileRef = 2AAF70172A19E5EC00156A1A /* UserDetailDIContainer.swift */; };
		2AAF701B2A19E7AC00156A1A /* Coordinator.swift in Sources */ = {isa = PBXBuildFile; fileRef = 2AAF701A2A19E7AC00156A1A /* Coordinator.swift */; };
		2AAF701D2A19E84500156A1A /* MainCoordinator.swift in Sources */ = {isa = PBXBuildFile; fileRef = 2AAF701C2A19E84500156A1A /* MainCoordinator.swift */; };
/* End PBXBuildFile section */

/* Begin PBXContainerItemProxy section */
		2A8489DF2A18BCCA00461ADB /* PBXContainerItemProxy */ = {
			isa = PBXContainerItemProxy;
			containerPortal = 2A8489BD2A18BCCA00461ADB /* Project object */;
			proxyType = 1;
			remoteGlobalIDString = 2A8489C42A18BCCA00461ADB;
			remoteInfo = UserListDemo;
		};
		2A8489E92A18BCCA00461ADB /* PBXContainerItemProxy */ = {
			isa = PBXContainerItemProxy;
			containerPortal = 2A8489BD2A18BCCA00461ADB /* Project object */;
			proxyType = 1;
			remoteGlobalIDString = 2A8489C42A18BCCA00461ADB;
			remoteInfo = UserListDemo;
		};
/* End PBXContainerItemProxy section */

/* Begin PBXFileReference section */
		2A0A5F9E2A19328F008365F9 /* User+CoreDataClass.swift */ = {isa = PBXFileReference; lastKnownFileType = sourcecode.swift; path = "User+CoreDataClass.swift"; sourceTree = "<group>"; };
		2A0A5F9F2A19328F008365F9 /* User+CoreDataProperties.swift */ = {isa = PBXFileReference; lastKnownFileType = sourcecode.swift; path = "User+CoreDataProperties.swift"; sourceTree = "<group>"; };
		2A8489C52A18BCCA00461ADB /* UserListDemo.app */ = {isa = PBXFileReference; explicitFileType = wrapper.application; includeInIndex = 0; path = UserListDemo.app; sourceTree = BUILT_PRODUCTS_DIR; };
		2A8489C82A18BCCA00461ADB /* AppDelegate.swift */ = {isa = PBXFileReference; lastKnownFileType = sourcecode.swift; path = AppDelegate.swift; sourceTree = "<group>"; };
		2A8489CA2A18BCCA00461ADB /* SceneDelegate.swift */ = {isa = PBXFileReference; lastKnownFileType = sourcecode.swift; path = SceneDelegate.swift; sourceTree = "<group>"; };
		2A8489CC2A18BCCA00461ADB /* ViewController.swift */ = {isa = PBXFileReference; lastKnownFileType = sourcecode.swift; path = ViewController.swift; sourceTree = "<group>"; };
		2A8489CF2A18BCCA00461ADB /* Base */ = {isa = PBXFileReference; lastKnownFileType = file.storyboard; name = Base; path = Base.lproj/Main.storyboard; sourceTree = "<group>"; };
		2A8489D22A18BCCA00461ADB /* UserListDemo.xcdatamodel */ = {isa = PBXFileReference; lastKnownFileType = wrapper.xcdatamodel; path = UserListDemo.xcdatamodel; sourceTree = "<group>"; };
		2A8489D42A18BCCA00461ADB /* Assets.xcassets */ = {isa = PBXFileReference; lastKnownFileType = folder.assetcatalog; path = Assets.xcassets; sourceTree = "<group>"; };
		2A8489D72A18BCCA00461ADB /* Base */ = {isa = PBXFileReference; lastKnownFileType = file.storyboard; name = Base; path = Base.lproj/LaunchScreen.storyboard; sourceTree = "<group>"; };
		2A8489D92A18BCCA00461ADB /* Info.plist */ = {isa = PBXFileReference; lastKnownFileType = text.plist.xml; path = Info.plist; sourceTree = "<group>"; };
		2A8489DE2A18BCCA00461ADB /* UserListDemoTests.xctest */ = {isa = PBXFileReference; explicitFileType = wrapper.cfbundle; includeInIndex = 0; path = UserListDemoTests.xctest; sourceTree = BUILT_PRODUCTS_DIR; };
		2A8489E22A18BCCA00461ADB /* UserListDemoTests.swift */ = {isa = PBXFileReference; lastKnownFileType = sourcecode.swift; path = UserListDemoTests.swift; sourceTree = "<group>"; };
		2A8489E82A18BCCA00461ADB /* UserListDemoUITests.xctest */ = {isa = PBXFileReference; explicitFileType = wrapper.cfbundle; includeInIndex = 0; path = UserListDemoUITests.xctest; sourceTree = BUILT_PRODUCTS_DIR; };
		2A8489EC2A18BCCA00461ADB /* UserListDemoUITests.swift */ = {isa = PBXFileReference; lastKnownFileType = sourcecode.swift; path = UserListDemoUITests.swift; sourceTree = "<group>"; };
		2A8489EE2A18BCCA00461ADB /* UserListDemoUITestsLaunchTests.swift */ = {isa = PBXFileReference; lastKnownFileType = sourcecode.swift; path = UserListDemoUITestsLaunchTests.swift; sourceTree = "<group>"; };
		2A848A052A18BD9C00461ADB /* CoreDataManager.swift */ = {isa = PBXFileReference; lastKnownFileType = sourcecode.swift; path = CoreDataManager.swift; sourceTree = "<group>"; };
		2A848A082A18BE6C00461ADB /* StoreData.swift */ = {isa = PBXFileReference; lastKnownFileType = sourcecode.swift; path = StoreData.swift; sourceTree = "<group>"; };
		2A848A0B2A18BECA00461ADB /* UserRootRS.swift */ = {isa = PBXFileReference; lastKnownFileType = sourcecode.swift; path = UserRootRS.swift; sourceTree = "<group>"; };
		2A848A122A18C38A00461ADB /* ApiClient.swift */ = {isa = PBXFileReference; lastKnownFileType = sourcecode.swift; path = ApiClient.swift; sourceTree = "<group>"; };
		2A848A142A18C51800461ADB /* RemoteUserLoader.swift */ = {isa = PBXFileReference; lastKnownFileType = sourcecode.swift; path = RemoteUserLoader.swift; sourceTree = "<group>"; };
		2A848A162A18C90F00461ADB /* FetchUsers.swift */ = {isa = PBXFileReference; lastKnownFileType = sourcecode.swift; path = FetchUsers.swift; sourceTree = "<group>"; };
		2A848A1A2A18CD1F00461ADB /* UserPO.swift */ = {isa = PBXFileReference; lastKnownFileType = sourcecode.swift; path = UserPO.swift; sourceTree = "<group>"; };
		2A848A1C2A18CE8900461ADB /* UserListAdapter.swift */ = {isa = PBXFileReference; lastKnownFileType = sourcecode.swift; path = UserListAdapter.swift; sourceTree = "<group>"; };
		2A848A202A18D09900461ADB /* UserListVC.storyboard */ = {isa = PBXFileReference; lastKnownFileType = file.storyboard; path = UserListVC.storyboard; sourceTree = "<group>"; };
		2A848A222A18D0B400461ADB /* UserListDemo-Bridging-Header.h */ = {isa = PBXFileReference; lastKnownFileType = sourcecode.c.h; path = "UserListDemo-Bridging-Header.h"; sourceTree = "<group>"; };
		2A848A232A18D0B400461ADB /* UserListViewController.h */ = {isa = PBXFileReference; lastKnownFileType = sourcecode.c.h; path = UserListViewController.h; sourceTree = "<group>"; };
		2A848A242A18D0B400461ADB /* UserListViewController.m */ = {isa = PBXFileReference; lastKnownFileType = sourcecode.c.objc; path = UserListViewController.m; sourceTree = "<group>"; };
		2A848A282A18D0E200461ADB /* UserListViewModel.h */ = {isa = PBXFileReference; lastKnownFileType = sourcecode.c.h; path = UserListViewModel.h; sourceTree = "<group>"; };
		2A848A292A18D0E200461ADB /* UserListViewModel.m */ = {isa = PBXFileReference; lastKnownFileType = sourcecode.c.objc; path = UserListViewModel.m; sourceTree = "<group>"; };
		2A848A2C2A18D2D300461ADB /* UserTableViewCell.h */ = {isa = PBXFileReference; lastKnownFileType = sourcecode.c.h; path = UserTableViewCell.h; sourceTree = "<group>"; };
		2A848A2D2A18D2D300461ADB /* UserTableViewCell.m */ = {isa = PBXFileReference; lastKnownFileType = sourcecode.c.objc; path = UserTableViewCell.m; sourceTree = "<group>"; };
		2A848A2E2A18D2D300461ADB /* UserTableViewCell.xib */ = {isa = PBXFileReference; lastKnownFileType = file.xib; path = UserTableViewCell.xib; sourceTree = "<group>"; };
		2A848A312A18DCB300461ADB /* TmpProto.swift */ = {isa = PBXFileReference; lastKnownFileType = sourcecode.swift; path = TmpProto.swift; sourceTree = "<group>"; };
		2A848A332A18E45800461ADB /* UserListDelegate.h */ = {isa = PBXFileReference; lastKnownFileType = sourcecode.c.h; path = UserListDelegate.h; sourceTree = "<group>"; };
		2AAF70092A19CB7A00156A1A /* ImageLoaderHelper.swift */ = {isa = PBXFileReference; lastKnownFileType = sourcecode.swift; path = ImageLoaderHelper.swift; sourceTree = "<group>"; };
		2AAF700C2A19DB6F00156A1A /* UserListDIContainer.swift */ = {isa = PBXFileReference; lastKnownFileType = sourcecode.swift; path = UserListDIContainer.swift; sourceTree = "<group>"; };
		2AAF70112A19DD5C00156A1A /* UserDetail.storyboard */ = {isa = PBXFileReference; lastKnownFileType = file.storyboard; path = UserDetail.storyboard; sourceTree = "<group>"; };
		2AAF70132A19DD8000156A1A /* UserDetailViewController.swift */ = {isa = PBXFileReference; lastKnownFileType = sourcecode.swift; path = UserDetailViewController.swift; sourceTree = "<group>"; };
		2AAF70152A19E29300156A1A /* UserDetailViewModel.swift */ = {isa = PBXFileReference; lastKnownFileType = sourcecode.swift; path = UserDetailViewModel.swift; sourceTree = "<group>"; };
		2AAF70172A19E5EC00156A1A /* UserDetailDIContainer.swift */ = {isa = PBXFileReference; lastKnownFileType = sourcecode.swift; path = UserDetailDIContainer.swift; sourceTree = "<group>"; };
		2AAF701A2A19E7AC00156A1A /* Coordinator.swift */ = {isa = PBXFileReference; lastKnownFileType = sourcecode.swift; path = Coordinator.swift; sourceTree = "<group>"; };
		2AAF701C2A19E84500156A1A /* MainCoordinator.swift */ = {isa = PBXFileReference; lastKnownFileType = sourcecode.swift; path = MainCoordinator.swift; sourceTree = "<group>"; };
/* End PBXFileReference section */

/* Begin PBXFrameworksBuildPhase section */
		2A8489C22A18BCCA00461ADB /* Frameworks */ = {
			isa = PBXFrameworksBuildPhase;
			buildActionMask = 2147483647;
			files = (
			);
			runOnlyForDeploymentPostprocessing = 0;
		};
		2A8489DB2A18BCCA00461ADB /* Frameworks */ = {
			isa = PBXFrameworksBuildPhase;
			buildActionMask = 2147483647;
			files = (
			);
			runOnlyForDeploymentPostprocessing = 0;
		};
		2A8489E52A18BCCA00461ADB /* Frameworks */ = {
			isa = PBXFrameworksBuildPhase;
			buildActionMask = 2147483647;
			files = (
			);
			runOnlyForDeploymentPostprocessing = 0;
		};
/* End PBXFrameworksBuildPhase section */

/* Begin PBXGroup section */
		2A8489BC2A18BCC900461ADB = {
			isa = PBXGroup;
			children = (
				2A8489C72A18BCCA00461ADB /* UserListDemo */,
				2A8489E12A18BCCA00461ADB /* UserListDemoTests */,
				2A8489EB2A18BCCA00461ADB /* UserListDemoUITests */,
				2A8489C62A18BCCA00461ADB /* Products */,
			);
			sourceTree = "<group>";
		};
		2A8489C62A18BCCA00461ADB /* Products */ = {
			isa = PBXGroup;
			children = (
				2A8489C52A18BCCA00461ADB /* UserListDemo.app */,
				2A8489DE2A18BCCA00461ADB /* UserListDemoTests.xctest */,
				2A8489E82A18BCCA00461ADB /* UserListDemoUITests.xctest */,
			);
			name = Products;
			sourceTree = "<group>";
		};
		2A8489C72A18BCCA00461ADB /* UserListDemo */ = {
			isa = PBXGroup;
			children = (
				2A8489FB2A18BCDB00461ADB /* AppDelegate */,
				2A8489CC2A18BCCA00461ADB /* ViewController.swift */,
				2AAF70192A19E78E00156A1A /* Coordinator */,
				2AAF700B2A19DB5700156A1A /* CompositionDI */,
				2AAF70082A19CB6500156A1A /* Helper */,
				2A848A1E2A18D05A00461ADB /* Presentation */,
				2A848A182A18CD0B00461ADB /* Domain */,
				2A8489FD2A18BCF800461ADB /* Data */,
				2A8489CE2A18BCCA00461ADB /* Main.storyboard */,
				2A8489FC2A18BCE800461ADB /* Resource */,
				2A8489D92A18BCCA00461ADB /* Info.plist */,
			);
			path = UserListDemo;
			sourceTree = "<group>";
		};
		2A8489E12A18BCCA00461ADB /* UserListDemoTests */ = {
			isa = PBXGroup;
			children = (
				2A8489E22A18BCCA00461ADB /* UserListDemoTests.swift */,
			);
			path = UserListDemoTests;
			sourceTree = "<group>";
		};
		2A8489EB2A18BCCA00461ADB /* UserListDemoUITests */ = {
			isa = PBXGroup;
			children = (
				2A8489EC2A18BCCA00461ADB /* UserListDemoUITests.swift */,
				2A8489EE2A18BCCA00461ADB /* UserListDemoUITestsLaunchTests.swift */,
			);
			path = UserListDemoUITests;
			sourceTree = "<group>";
		};
		2A8489FB2A18BCDB00461ADB /* AppDelegate */ = {
			isa = PBXGroup;
			children = (
				2A8489C82A18BCCA00461ADB /* AppDelegate.swift */,
				2A8489CA2A18BCCA00461ADB /* SceneDelegate.swift */,
			);
			path = AppDelegate;
			sourceTree = "<group>";
		};
		2A8489FC2A18BCE800461ADB /* Resource */ = {
			isa = PBXGroup;
			children = (
				2A8489D42A18BCCA00461ADB /* Assets.xcassets */,
				2A8489D62A18BCCA00461ADB /* LaunchScreen.storyboard */,
			);
			path = Resource;
			sourceTree = "<group>";
		};
		2A8489FD2A18BCF800461ADB /* Data */ = {
			isa = PBXGroup;
			children = (
				2A848A112A18C37E00461ADB /* Network */,
				2A848A0A2A18BEB400461ADB /* Model */,
				2A8489FE2A18BD0000461ADB /* PersistenceStore */,
			);
			path = Data;
			sourceTree = "<group>";
		};
		2A8489FE2A18BD0000461ADB /* PersistenceStore */ = {
			isa = PBXGroup;
			children = (
				2A848A072A18BE3700461ADB /* UserFetch+StoreData */,
				2A848A042A18BD8800461ADB /* CoreDataManager */,
				2A8489FF2A18BD1000461ADB /* CoreDataModels */,
				2A8489D12A18BCCA00461ADB /* UserListDemo.xcdatamodeld */,
			);
			path = PersistenceStore;
			sourceTree = "<group>";
		};
		2A8489FF2A18BD1000461ADB /* CoreDataModels */ = {
			isa = PBXGroup;
			children = (
				2A0A5F9E2A19328F008365F9 /* User+CoreDataClass.swift */,
				2A0A5F9F2A19328F008365F9 /* User+CoreDataProperties.swift */,
			);
			path = CoreDataModels;
			sourceTree = "<group>";
		};
		2A848A042A18BD8800461ADB /* CoreDataManager */ = {
			isa = PBXGroup;
			children = (
				2A848A052A18BD9C00461ADB /* CoreDataManager.swift */,
			);
			path = CoreDataManager;
			sourceTree = "<group>";
		};
		2A848A072A18BE3700461ADB /* UserFetch+StoreData */ = {
			isa = PBXGroup;
			children = (
				2A848A082A18BE6C00461ADB /* StoreData.swift */,
				2A848A162A18C90F00461ADB /* FetchUsers.swift */,
			);
			path = "UserFetch+StoreData";
			sourceTree = "<group>";
		};
		2A848A0A2A18BEB400461ADB /* Model */ = {
			isa = PBXGroup;
			children = (
				2A848A0B2A18BECA00461ADB /* UserRootRS.swift */,
			);
			path = Model;
			sourceTree = "<group>";
		};
		2A848A112A18C37E00461ADB /* Network */ = {
			isa = PBXGroup;
			children = (
				2A848A122A18C38A00461ADB /* ApiClient.swift */,
				2A848A142A18C51800461ADB /* RemoteUserLoader.swift */,
			);
			path = Network;
			sourceTree = "<group>";
		};
		2A848A182A18CD0B00461ADB /* Domain */ = {
			isa = PBXGroup;
			children = (
				2A848A192A18CD1200461ADB /* Model */,
				2A848A1C2A18CE8900461ADB /* UserListAdapter.swift */,
				2A848A312A18DCB300461ADB /* TmpProto.swift */,
			);
			path = Domain;
			sourceTree = "<group>";
		};
		2A848A192A18CD1200461ADB /* Model */ = {
			isa = PBXGroup;
			children = (
				2A848A1A2A18CD1F00461ADB /* UserPO.swift */,
			);
			path = Model;
			sourceTree = "<group>";
		};
		2A848A1E2A18D05A00461ADB /* Presentation */ = {
			isa = PBXGroup;
			children = (
				2AAF700E2A19DD2B00156A1A /* UserDetailVC */,
				2A848A1F2A18D08800461ADB /* UserListVC */,
			);
			path = Presentation;
			sourceTree = "<group>";
		};
		2A848A1F2A18D08800461ADB /* UserListVC */ = {
			isa = PBXGroup;
			children = (
				2A848A2B2A18D2AC00461ADB /* UserTableViewCell */,
				2A848A272A18D0CD00461ADB /* ViewModel */,
				2A848A262A18D0BA00461ADB /* ViewController */,
				2A848A202A18D09900461ADB /* UserListVC.storyboard */,
				2A848A222A18D0B400461ADB /* UserListDemo-Bridging-Header.h */,
			);
			path = UserListVC;
			sourceTree = "<group>";
		};
		2A848A262A18D0BA00461ADB /* ViewController */ = {
			isa = PBXGroup;
			children = (
				2A848A232A18D0B400461ADB /* UserListViewController.h */,
				2A848A242A18D0B400461ADB /* UserListViewController.m */,
			);
			path = ViewController;
			sourceTree = "<group>";
		};
		2A848A272A18D0CD00461ADB /* ViewModel */ = {
			isa = PBXGroup;
			children = (
				2A848A282A18D0E200461ADB /* UserListViewModel.h */,
				2A848A292A18D0E200461ADB /* UserListViewModel.m */,
				2A848A332A18E45800461ADB /* UserListDelegate.h */,
			);
			path = ViewModel;
			sourceTree = "<group>";
		};
		2A848A2B2A18D2AC00461ADB /* UserTableViewCell */ = {
			isa = PBXGroup;
			children = (
				2A848A2C2A18D2D300461ADB /* UserTableViewCell.h */,
				2A848A2D2A18D2D300461ADB /* UserTableViewCell.m */,
				2A848A2E2A18D2D300461ADB /* UserTableViewCell.xib */,
			);
			path = UserTableViewCell;
			sourceTree = "<group>";
		};
		2AAF70082A19CB6500156A1A /* Helper */ = {
			isa = PBXGroup;
			children = (
				2AAF70092A19CB7A00156A1A /* ImageLoaderHelper.swift */,
			);
			path = Helper;
			sourceTree = "<group>";
		};
		2AAF700B2A19DB5700156A1A /* CompositionDI */ = {
			isa = PBXGroup;
			children = (
				2AAF700C2A19DB6F00156A1A /* UserListDIContainer.swift */,
				2AAF70172A19E5EC00156A1A /* UserDetailDIContainer.swift */,
			);
			path = CompositionDI;
			sourceTree = "<group>";
		};
		2AAF700E2A19DD2B00156A1A /* UserDetailVC */ = {
			isa = PBXGroup;
			children = (
				2AAF70102A19DD4A00156A1A /* ViewModel */,
				2AAF700F2A19DD4300156A1A /* ViewController */,
				2AAF70112A19DD5C00156A1A /* UserDetail.storyboard */,
			);
			path = UserDetailVC;
			sourceTree = "<group>";
		};
		2AAF700F2A19DD4300156A1A /* ViewController */ = {
			isa = PBXGroup;
			children = (
				2AAF70132A19DD8000156A1A /* UserDetailViewController.swift */,
			);
			path = ViewController;
			sourceTree = "<group>";
		};
		2AAF70102A19DD4A00156A1A /* ViewModel */ = {
			isa = PBXGroup;
			children = (
				2AAF70152A19E29300156A1A /* UserDetailViewModel.swift */,
			);
			path = ViewModel;
			sourceTree = "<group>";
		};
		2AAF70192A19E78E00156A1A /* Coordinator */ = {
			isa = PBXGroup;
			children = (
				2AAF701A2A19E7AC00156A1A /* Coordinator.swift */,
				2AAF701C2A19E84500156A1A /* MainCoordinator.swift */,
			);
			path = Coordinator;
			sourceTree = "<group>";
		};
/* End PBXGroup section */

/* Begin PBXNativeTarget section */
		2A8489C42A18BCCA00461ADB /* UserListDemo */ = {
			isa = PBXNativeTarget;
			buildConfigurationList = 2A8489F22A18BCCA00461ADB /* Build configuration list for PBXNativeTarget "UserListDemo" */;
			buildPhases = (
				2A8489C12A18BCCA00461ADB /* Sources */,
				2A8489C22A18BCCA00461ADB /* Frameworks */,
				2A8489C32A18BCCA00461ADB /* Resources */,
			);
			buildRules = (
			);
			dependencies = (
			);
			name = UserListDemo;
			productName = UserListDemo;
			productReference = 2A8489C52A18BCCA00461ADB /* UserListDemo.app */;
			productType = "com.apple.product-type.application";
		};
		2A8489DD2A18BCCA00461ADB /* UserListDemoTests */ = {
			isa = PBXNativeTarget;
			buildConfigurationList = 2A8489F52A18BCCA00461ADB /* Build configuration list for PBXNativeTarget "UserListDemoTests" */;
			buildPhases = (
				2A8489DA2A18BCCA00461ADB /* Sources */,
				2A8489DB2A18BCCA00461ADB /* Frameworks */,
				2A8489DC2A18BCCA00461ADB /* Resources */,
			);
			buildRules = (
			);
			dependencies = (
				2A8489E02A18BCCA00461ADB /* PBXTargetDependency */,
			);
			name = UserListDemoTests;
			productName = UserListDemoTests;
			productReference = 2A8489DE2A18BCCA00461ADB /* UserListDemoTests.xctest */;
			productType = "com.apple.product-type.bundle.unit-test";
		};
		2A8489E72A18BCCA00461ADB /* UserListDemoUITests */ = {
			isa = PBXNativeTarget;
			buildConfigurationList = 2A8489F82A18BCCA00461ADB /* Build configuration list for PBXNativeTarget "UserListDemoUITests" */;
			buildPhases = (
				2A8489E42A18BCCA00461ADB /* Sources */,
				2A8489E52A18BCCA00461ADB /* Frameworks */,
				2A8489E62A18BCCA00461ADB /* Resources */,
			);
			buildRules = (
			);
			dependencies = (
				2A8489EA2A18BCCA00461ADB /* PBXTargetDependency */,
			);
			name = UserListDemoUITests;
			productName = UserListDemoUITests;
			productReference = 2A8489E82A18BCCA00461ADB /* UserListDemoUITests.xctest */;
			productType = "com.apple.product-type.bundle.ui-testing";
		};
/* End PBXNativeTarget section */

/* Begin PBXProject section */
		2A8489BD2A18BCCA00461ADB /* Project object */ = {
			isa = PBXProject;
			attributes = {
				BuildIndependentTargetsInParallel = 1;
				LastSwiftUpdateCheck = 1430;
				LastUpgradeCheck = 1430;
				TargetAttributes = {
					2A8489C42A18BCCA00461ADB = {
						CreatedOnToolsVersion = 14.3;
						LastSwiftMigration = 1430;
					};
					2A8489DD2A18BCCA00461ADB = {
						CreatedOnToolsVersion = 14.3;
						TestTargetID = 2A8489C42A18BCCA00461ADB;
					};
					2A8489E72A18BCCA00461ADB = {
						CreatedOnToolsVersion = 14.3;
						TestTargetID = 2A8489C42A18BCCA00461ADB;
					};
				};
			};
			buildConfigurationList = 2A8489C02A18BCCA00461ADB /* Build configuration list for PBXProject "UserListDemo" */;
			compatibilityVersion = "Xcode 14.0";
			developmentRegion = en;
			hasScannedForEncodings = 0;
			knownRegions = (
				en,
				Base,
			);
			mainGroup = 2A8489BC2A18BCC900461ADB;
			productRefGroup = 2A8489C62A18BCCA00461ADB /* Products */;
			projectDirPath = "";
			projectRoot = "";
			targets = (
				2A8489C42A18BCCA00461ADB /* UserListDemo */,
				2A8489DD2A18BCCA00461ADB /* UserListDemoTests */,
				2A8489E72A18BCCA00461ADB /* UserListDemoUITests */,
			);
		};
/* End PBXProject section */

/* Begin PBXResourcesBuildPhase section */
		2A8489C32A18BCCA00461ADB /* Resources */ = {
			isa = PBXResourcesBuildPhase;
			buildActionMask = 2147483647;
			files = (
				2A848A212A18D09900461ADB /* UserListVC.storyboard in Resources */,
				2A8489D82A18BCCA00461ADB /* LaunchScreen.storyboard in Resources */,
				2AAF70122A19DD5C00156A1A /* UserDetail.storyboard in Resources */,
				2A8489D52A18BCCA00461ADB /* Assets.xcassets in Resources */,
				2A8489D02A18BCCA00461ADB /* Main.storyboard in Resources */,
				2A848A302A18D2D300461ADB /* UserTableViewCell.xib in Resources */,
			);
			runOnlyForDeploymentPostprocessing = 0;
		};
		2A8489DC2A18BCCA00461ADB /* Resources */ = {
			isa = PBXResourcesBuildPhase;
			buildActionMask = 2147483647;
			files = (
			);
			runOnlyForDeploymentPostprocessing = 0;
		};
		2A8489E62A18BCCA00461ADB /* Resources */ = {
			isa = PBXResourcesBuildPhase;
			buildActionMask = 2147483647;
			files = (
			);
			runOnlyForDeploymentPostprocessing = 0;
		};
/* End PBXResourcesBuildPhase section */

/* Begin PBXSourcesBuildPhase section */
		2A8489C12A18BCCA00461ADB /* Sources */ = {
			isa = PBXSourcesBuildPhase;
			buildActionMask = 2147483647;
			files = (
				2AAF700A2A19CB7A00156A1A /* ImageLoaderHelper.swift in Sources */,
				2A848A1B2A18CD1F00461ADB /* UserPO.swift in Sources */,
				2A8489CD2A18BCCA00461ADB /* ViewController.swift in Sources */,
				2A848A1D2A18CE8900461ADB /* UserListAdapter.swift in Sources */,
				2A848A092A18BE6C00461ADB /* StoreData.swift in Sources */,
				2A848A322A18DCB300461ADB /* TmpProto.swift in Sources */,
				2A8489D32A18BCCA00461ADB /* UserListDemo.xcdatamodeld in Sources */,
				2A848A2A2A18D0E200461ADB /* UserListViewModel.m in Sources */,
				2AAF701B2A19E7AC00156A1A /* Coordinator.swift in Sources */,
				2A848A172A18C90F00461ADB /* FetchUsers.swift in Sources */,
				2A0A5FA12A19328F008365F9 /* User+CoreDataProperties.swift in Sources */,
				2A0A5FA02A19328F008365F9 /* User+CoreDataClass.swift in Sources */,
				2A8489C92A18BCCA00461ADB /* AppDelegate.swift in Sources */,
				2AAF701D2A19E84500156A1A /* MainCoordinator.swift in Sources */,
				2A848A152A18C51800461ADB /* RemoteUserLoader.swift in Sources */,
				2A8489CB2A18BCCA00461ADB /* SceneDelegate.swift in Sources */,
				2AAF70162A19E29300156A1A /* UserDetailViewModel.swift in Sources */,
				2AAF70182A19E5EC00156A1A /* UserDetailDIContainer.swift in Sources */,
				2AAF70142A19DD8000156A1A /* UserDetailViewController.swift in Sources */,
				2A848A062A18BD9C00461ADB /* CoreDataManager.swift in Sources */,
				2AAF700D2A19DB6F00156A1A /* UserListDIContainer.swift in Sources */,
				2A848A252A18D0B400461ADB /* UserListViewController.m in Sources */,
				2A848A0C2A18BECA00461ADB /* UserRootRS.swift in Sources */,
				2A848A132A18C38A00461ADB /* ApiClient.swift in Sources */,
				2A848A2F2A18D2D300461ADB /* UserTableViewCell.m in Sources */,
			);
			runOnlyForDeploymentPostprocessing = 0;
		};
		2A8489DA2A18BCCA00461ADB /* Sources */ = {
			isa = PBXSourcesBuildPhase;
			buildActionMask = 2147483647;
			files = (
				2A8489E32A18BCCA00461ADB /* UserListDemoTests.swift in Sources */,
			);
			runOnlyForDeploymentPostprocessing = 0;
		};
		2A8489E42A18BCCA00461ADB /* Sources */ = {
			isa = PBXSourcesBuildPhase;
			buildActionMask = 2147483647;
			files = (
				2A8489EF2A18BCCA00461ADB /* UserListDemoUITestsLaunchTests.swift in Sources */,
				2A8489ED2A18BCCA00461ADB /* UserListDemoUITests.swift in Sources */,
			);
			runOnlyForDeploymentPostprocessing = 0;
		};
/* End PBXSourcesBuildPhase section */

/* Begin PBXTargetDependency section */
		2A8489E02A18BCCA00461ADB /* PBXTargetDependency */ = {
			isa = PBXTargetDependency;
			target = 2A8489C42A18BCCA00461ADB /* UserListDemo */;
			targetProxy = 2A8489DF2A18BCCA00461ADB /* PBXContainerItemProxy */;
		};
		2A8489EA2A18BCCA00461ADB /* PBXTargetDependency */ = {
			isa = PBXTargetDependency;
			target = 2A8489C42A18BCCA00461ADB /* UserListDemo */;
			targetProxy = 2A8489E92A18BCCA00461ADB /* PBXContainerItemProxy */;
		};
/* End PBXTargetDependency section */

/* Begin PBXVariantGroup section */
		2A8489CE2A18BCCA00461ADB /* Main.storyboard */ = {
			isa = PBXVariantGroup;
			children = (
				2A8489CF2A18BCCA00461ADB /* Base */,
			);
			name = Main.storyboard;
			sourceTree = "<group>";
		};
		2A8489D62A18BCCA00461ADB /* LaunchScreen.storyboard */ = {
			isa = PBXVariantGroup;
			children = (
				2A8489D72A18BCCA00461ADB /* Base */,
			);
			name = LaunchScreen.storyboard;
			sourceTree = "<group>";
		};
/* End PBXVariantGroup section */

/* Begin XCBuildConfiguration section */
		2A8489F02A18BCCA00461ADB /* Debug */ = {
			isa = XCBuildConfiguration;
			buildSettings = {
				ALWAYS_SEARCH_USER_PATHS = NO;
				CLANG_ANALYZER_NONNULL = YES;
				CLANG_ANALYZER_NUMBER_OBJECT_CONVERSION = YES_AGGRESSIVE;
				CLANG_CXX_LANGUAGE_STANDARD = "gnu++20";
				CLANG_ENABLE_MODULES = YES;
				CLANG_ENABLE_OBJC_ARC = YES;
				CLANG_ENABLE_OBJC_WEAK = YES;
				CLANG_WARN_BLOCK_CAPTURE_AUTORELEASING = YES;
				CLANG_WARN_BOOL_CONVERSION = YES;
				CLANG_WARN_COMMA = YES;
				CLANG_WARN_CONSTANT_CONVERSION = YES;
				CLANG_WARN_DEPRECATED_OBJC_IMPLEMENTATIONS = YES;
				CLANG_WARN_DIRECT_OBJC_ISA_USAGE = YES_ERROR;
				CLANG_WARN_DOCUMENTATION_COMMENTS = YES;
				CLANG_WARN_EMPTY_BODY = YES;
				CLANG_WARN_ENUM_CONVERSION = YES;
				CLANG_WARN_INFINITE_RECURSION = YES;
				CLANG_WARN_INT_CONVERSION = YES;
				CLANG_WARN_NON_LITERAL_NULL_CONVERSION = YES;
				CLANG_WARN_OBJC_IMPLICIT_RETAIN_SELF = YES;
				CLANG_WARN_OBJC_LITERAL_CONVERSION = YES;
				CLANG_WARN_OBJC_ROOT_CLASS = YES_ERROR;
				CLANG_WARN_QUOTED_INCLUDE_IN_FRAMEWORK_HEADER = YES;
				CLANG_WARN_RANGE_LOOP_ANALYSIS = YES;
				CLANG_WARN_STRICT_PROTOTYPES = YES;
				CLANG_WARN_SUSPICIOUS_MOVE = YES;
				CLANG_WARN_UNGUARDED_AVAILABILITY = YES_AGGRESSIVE;
				CLANG_WARN_UNREACHABLE_CODE = YES;
				CLANG_WARN__DUPLICATE_METHOD_MATCH = YES;
				COPY_PHASE_STRIP = NO;
				DEBUG_INFORMATION_FORMAT = dwarf;
				ENABLE_STRICT_OBJC_MSGSEND = YES;
				ENABLE_TESTABILITY = YES;
				GCC_C_LANGUAGE_STANDARD = gnu11;
				GCC_DYNAMIC_NO_PIC = NO;
				GCC_NO_COMMON_BLOCKS = YES;
				GCC_OPTIMIZATION_LEVEL = 0;
				GCC_PREPROCESSOR_DEFINITIONS = (
					"DEBUG=1",
					"$(inherited)",
				);
				GCC_WARN_64_TO_32_BIT_CONVERSION = YES;
				GCC_WARN_ABOUT_RETURN_TYPE = YES_ERROR;
				GCC_WARN_UNDECLARED_SELECTOR = YES;
				GCC_WARN_UNINITIALIZED_AUTOS = YES_AGGRESSIVE;
				GCC_WARN_UNUSED_FUNCTION = YES;
				GCC_WARN_UNUSED_VARIABLE = YES;
				IPHONEOS_DEPLOYMENT_TARGET = 16.4;
				MTL_ENABLE_DEBUG_INFO = INCLUDE_SOURCE;
				MTL_FAST_MATH = YES;
				ONLY_ACTIVE_ARCH = YES;
				SDKROOT = iphoneos;
				SWIFT_ACTIVE_COMPILATION_CONDITIONS = DEBUG;
				SWIFT_OPTIMIZATION_LEVEL = "-Onone";
			};
			name = Debug;
		};
		2A8489F12A18BCCA00461ADB /* Release */ = {
			isa = XCBuildConfiguration;
			buildSettings = {
				ALWAYS_SEARCH_USER_PATHS = NO;
				CLANG_ANALYZER_NONNULL = YES;
				CLANG_ANALYZER_NUMBER_OBJECT_CONVERSION = YES_AGGRESSIVE;
				CLANG_CXX_LANGUAGE_STANDARD = "gnu++20";
				CLANG_ENABLE_MODULES = YES;
				CLANG_ENABLE_OBJC_ARC = YES;
				CLANG_ENABLE_OBJC_WEAK = YES;
				CLANG_WARN_BLOCK_CAPTURE_AUTORELEASING = YES;
				CLANG_WARN_BOOL_CONVERSION = YES;
				CLANG_WARN_COMMA = YES;
				CLANG_WARN_CONSTANT_CONVERSION = YES;
				CLANG_WARN_DEPRECATED_OBJC_IMPLEMENTATIONS = YES;
				CLANG_WARN_DIRECT_OBJC_ISA_USAGE = YES_ERROR;
				CLANG_WARN_DOCUMENTATION_COMMENTS = YES;
				CLANG_WARN_EMPTY_BODY = YES;
				CLANG_WARN_ENUM_CONVERSION = YES;
				CLANG_WARN_INFINITE_RECURSION = YES;
				CLANG_WARN_INT_CONVERSION = YES;
				CLANG_WARN_NON_LITERAL_NULL_CONVERSION = YES;
				CLANG_WARN_OBJC_IMPLICIT_RETAIN_SELF = YES;
				CLANG_WARN_OBJC_LITERAL_CONVERSION = YES;
				CLANG_WARN_OBJC_ROOT_CLASS = YES_ERROR;
				CLANG_WARN_QUOTED_INCLUDE_IN_FRAMEWORK_HEADER = YES;
				CLANG_WARN_RANGE_LOOP_ANALYSIS = YES;
				CLANG_WARN_STRICT_PROTOTYPES = YES;
				CLANG_WARN_SUSPICIOUS_MOVE = YES;
				CLANG_WARN_UNGUARDED_AVAILABILITY = YES_AGGRESSIVE;
				CLANG_WARN_UNREACHABLE_CODE = YES;
				CLANG_WARN__DUPLICATE_METHOD_MATCH = YES;
				COPY_PHASE_STRIP = NO;
				DEBUG_INFORMATION_FORMAT = "dwarf-with-dsym";
				ENABLE_NS_ASSERTIONS = NO;
				ENABLE_STRICT_OBJC_MSGSEND = YES;
				GCC_C_LANGUAGE_STANDARD = gnu11;
				GCC_NO_COMMON_BLOCKS = YES;
				GCC_WARN_64_TO_32_BIT_CONVERSION = YES;
				GCC_WARN_ABOUT_RETURN_TYPE = YES_ERROR;
				GCC_WARN_UNDECLARED_SELECTOR = YES;
				GCC_WARN_UNINITIALIZED_AUTOS = YES_AGGRESSIVE;
				GCC_WARN_UNUSED_FUNCTION = YES;
				GCC_WARN_UNUSED_VARIABLE = YES;
				IPHONEOS_DEPLOYMENT_TARGET = 16.4;
				MTL_ENABLE_DEBUG_INFO = NO;
				MTL_FAST_MATH = YES;
				SDKROOT = iphoneos;
				SWIFT_COMPILATION_MODE = wholemodule;
				SWIFT_OPTIMIZATION_LEVEL = "-O";
				VALIDATE_PRODUCT = YES;
			};
			name = Release;
		};
		2A8489F32A18BCCA00461ADB /* Debug */ = {
			isa = XCBuildConfiguration;
			buildSettings = {
				ASSETCATALOG_COMPILER_APPICON_NAME = AppIcon;
				ASSETCATALOG_COMPILER_GLOBAL_ACCENT_COLOR_NAME = AccentColor;
				CLANG_ENABLE_MODULES = YES;
				CODE_SIGN_STYLE = Automatic;
				CURRENT_PROJECT_VERSION = 1;
				DEVELOPMENT_TEAM = QA29H4VW6G;
				GENERATE_INFOPLIST_FILE = YES;
				INFOPLIST_FILE = UserListDemo/Info.plist;
				INFOPLIST_KEY_UIApplicationSupportsIndirectInputEvents = YES;
				INFOPLIST_KEY_UILaunchStoryboardName = LaunchScreen;
				INFOPLIST_KEY_UIMainStoryboardFile = Main;
				INFOPLIST_KEY_UISupportedInterfaceOrientations_iPad = "UIInterfaceOrientationPortrait UIInterfaceOrientationPortraitUpsideDown UIInterfaceOrientationLandscapeLeft UIInterfaceOrientationLandscapeRight";
				INFOPLIST_KEY_UISupportedInterfaceOrientations_iPhone = "UIInterfaceOrientationPortrait UIInterfaceOrientationLandscapeLeft UIInterfaceOrientationLandscapeRight";
				IPHONEOS_DEPLOYMENT_TARGET = 13.0;
				LD_RUNPATH_SEARCH_PATHS = (
					"$(inherited)",
					"@executable_path/Frameworks",
				);
				MARKETING_VERSION = 1.0;
				PRODUCT_BUNDLE_IDENTIFIER = petrick.kai.UserListDemo;
				PRODUCT_NAME = "$(TARGET_NAME)";
				SWIFT_EMIT_LOC_STRINGS = YES;
				SWIFT_OBJC_BRIDGING_HEADER = "UserListDemo/Presentation/UserListVC/UserListDemo-Bridging-Header.h";
				SWIFT_OPTIMIZATION_LEVEL = "-Onone";
				SWIFT_VERSION = 5.0;
				TARGETED_DEVICE_FAMILY = "1,2";
			};
			name = Debug;
		};
		2A8489F42A18BCCA00461ADB /* Release */ = {
			isa = XCBuildConfiguration;
			buildSettings = {
				ASSETCATALOG_COMPILER_APPICON_NAME = AppIcon;
				ASSETCATALOG_COMPILER_GLOBAL_ACCENT_COLOR_NAME = AccentColor;
				CLANG_ENABLE_MODULES = YES;
				CODE_SIGN_STYLE = Automatic;
				CURRENT_PROJECT_VERSION = 1;
				DEVELOPMENT_TEAM = QA29H4VW6G;
				GENERATE_INFOPLIST_FILE = YES;
				INFOPLIST_FILE = UserListDemo/Info.plist;
				INFOPLIST_KEY_UIApplicationSupportsIndirectInputEvents = YES;
				INFOPLIST_KEY_UILaunchStoryboardName = LaunchScreen;
				INFOPLIST_KEY_UIMainStoryboardFile = Main;
				INFOPLIST_KEY_UISupportedInterfaceOrientations_iPad = "UIInterfaceOrientationPortrait UIInterfaceOrientationPortraitUpsideDown UIInterfaceOrientationLandscapeLeft UIInterfaceOrientationLandscapeRight";
				INFOPLIST_KEY_UISupportedInterfaceOrientations_iPhone = "UIInterfaceOrientationPortrait UIInterfaceOrientationLandscapeLeft UIInterfaceOrientationLandscapeRight";
				IPHONEOS_DEPLOYMENT_TARGET = 13.0;
				LD_RUNPATH_SEARCH_PATHS = (
					"$(inherited)",
					"@executable_path/Frameworks",
				);
				MARKETING_VERSION = 1.0;
				PRODUCT_BUNDLE_IDENTIFIER = petrick.kai.UserListDemo;
				PRODUCT_NAME = "$(TARGET_NAME)";
				SWIFT_EMIT_LOC_STRINGS = YES;
				SWIFT_OBJC_BRIDGING_HEADER = "UserListDemo/Presentation/UserListVC/UserListDemo-Bridging-Header.h";
				SWIFT_VERSION = 5.0;
				TARGETED_DEVICE_FAMILY = "1,2";
			};
			name = Release;
		};
		2A8489F62A18BCCA00461ADB /* Debug */ = {
			isa = XCBuildConfiguration;
			buildSettings = {
				ALWAYS_EMBED_SWIFT_STANDARD_LIBRARIES = YES;
				BUNDLE_LOADER = "$(TEST_HOST)";
				CODE_SIGN_STYLE = Automatic;
				CURRENT_PROJECT_VERSION = 1;
				DEVELOPMENT_TEAM = QA29H4VW6G;
				GENERATE_INFOPLIST_FILE = YES;
				IPHONEOS_DEPLOYMENT_TARGET = 16.4;
				MARKETING_VERSION = 1.0;
				PRODUCT_BUNDLE_IDENTIFIER = petrick.kai.UserListDemoTests;
				PRODUCT_NAME = "$(TARGET_NAME)";
				SWIFT_EMIT_LOC_STRINGS = NO;
				SWIFT_VERSION = 5.0;
				TARGETED_DEVICE_FAMILY = "1,2";
				TEST_HOST = "$(BUILT_PRODUCTS_DIR)/UserListDemo.app/$(BUNDLE_EXECUTABLE_FOLDER_PATH)/UserListDemo";
			};
			name = Debug;
		};
		2A8489F72A18BCCA00461ADB /* Release */ = {
			isa = XCBuildConfiguration;
			buildSettings = {
				ALWAYS_EMBED_SWIFT_STANDARD_LIBRARIES = YES;
				BUNDLE_LOADER = "$(TEST_HOST)";
				CODE_SIGN_STYLE = Automatic;
				CURRENT_PROJECT_VERSION = 1;
				DEVELOPMENT_TEAM = QA29H4VW6G;
				GENERATE_INFOPLIST_FILE = YES;
				IPHONEOS_DEPLOYMENT_TARGET = 16.4;
				MARKETING_VERSION = 1.0;
				PRODUCT_BUNDLE_IDENTIFIER = petrick.kai.UserListDemoTests;
				PRODUCT_NAME = "$(TARGET_NAME)";
				SWIFT_EMIT_LOC_STRINGS = NO;
				SWIFT_VERSION = 5.0;
				TARGETED_DEVICE_FAMILY = "1,2";
				TEST_HOST = "$(BUILT_PRODUCTS_DIR)/UserListDemo.app/$(BUNDLE_EXECUTABLE_FOLDER_PATH)/UserListDemo";
			};
			name = Release;
		};
		2A8489F92A18BCCA00461ADB /* Debug */ = {
			isa = XCBuildConfiguration;
			buildSettings = {
				ALWAYS_EMBED_SWIFT_STANDARD_LIBRARIES = YES;
				CODE_SIGN_STYLE = Automatic;
				CURRENT_PROJECT_VERSION = 1;
				DEVELOPMENT_TEAM = QA29H4VW6G;
				GENERATE_INFOPLIST_FILE = YES;
				MARKETING_VERSION = 1.0;
				PRODUCT_BUNDLE_IDENTIFIER = petrick.kai.UserListDemoUITests;
				PRODUCT_NAME = "$(TARGET_NAME)";
				SWIFT_EMIT_LOC_STRINGS = NO;
				SWIFT_VERSION = 5.0;
				TARGETED_DEVICE_FAMILY = "1,2";
				TEST_TARGET_NAME = UserListDemo;
			};
			name = Debug;
		};
		2A8489FA2A18BCCA00461ADB /* Release */ = {
			isa = XCBuildConfiguration;
			buildSettings = {
				ALWAYS_EMBED_SWIFT_STANDARD_LIBRARIES = YES;
				CODE_SIGN_STYLE = Automatic;
				CURRENT_PROJECT_VERSION = 1;
				DEVELOPMENT_TEAM = QA29H4VW6G;
				GENERATE_INFOPLIST_FILE = YES;
				MARKETING_VERSION = 1.0;
				PRODUCT_BUNDLE_IDENTIFIER = petrick.kai.UserListDemoUITests;
				PRODUCT_NAME = "$(TARGET_NAME)";
				SWIFT_EMIT_LOC_STRINGS = NO;
				SWIFT_VERSION = 5.0;
				TARGETED_DEVICE_FAMILY = "1,2";
				TEST_TARGET_NAME = UserListDemo;
			};
			name = Release;
		};
/* End XCBuildConfiguration section */

/* Begin XCConfigurationList section */
		2A8489C02A18BCCA00461ADB /* Build configuration list for PBXProject "UserListDemo" */ = {
			isa = XCConfigurationList;
			buildConfigurations = (
				2A8489F02A18BCCA00461ADB /* Debug */,
				2A8489F12A18BCCA00461ADB /* Release */,
			);
			defaultConfigurationIsVisible = 0;
			defaultConfigurationName = Release;
		};
		2A8489F22A18BCCA00461ADB /* Build configuration list for PBXNativeTarget "UserListDemo" */ = {
			isa = XCConfigurationList;
			buildConfigurations = (
				2A8489F32A18BCCA00461ADB /* Debug */,
				2A8489F42A18BCCA00461ADB /* Release */,
			);
			defaultConfigurationIsVisible = 0;
			defaultConfigurationName = Release;
		};
		2A8489F52A18BCCA00461ADB /* Build configuration list for PBXNativeTarget "UserListDemoTests" */ = {
			isa = XCConfigurationList;
			buildConfigurations = (
				2A8489F62A18BCCA00461ADB /* Debug */,
				2A8489F72A18BCCA00461ADB /* Release */,
			);
			defaultConfigurationIsVisible = 0;
			defaultConfigurationName = Release;
		};
		2A8489F82A18BCCA00461ADB /* Build configuration list for PBXNativeTarget "UserListDemoUITests" */ = {
			isa = XCConfigurationList;
			buildConfigurations = (
				2A8489F92A18BCCA00461ADB /* Debug */,
				2A8489FA2A18BCCA00461ADB /* Release */,
			);
			defaultConfigurationIsVisible = 0;
			defaultConfigurationName = Release;
		};
/* End XCConfigurationList section */

/* Begin XCVersionGroup section */
		2A8489D12A18BCCA00461ADB /* UserListDemo.xcdatamodeld */ = {
			isa = XCVersionGroup;
			children = (
				2A8489D22A18BCCA00461ADB /* UserListDemo.xcdatamodel */,
			);
			currentVersion = 2A8489D22A18BCCA00461ADB /* UserListDemo.xcdatamodel */;
			path = UserListDemo.xcdatamodeld;
			sourceTree = "<group>";
			versionGroupType = wrapper.xcdatamodel;
		};
/* End XCVersionGroup section */
	};
	rootObject = 2A8489BD2A18BCCA00461ADB /* Project object */;
}
